
Microsoft Visual Studio Solution File, Format Version 12.00
# Visual Studio 15
VisualStudioVersion = 15.0.27703.2035
MinimumVisualStudioVersion = 10.0.40219.1
Project("{9A19103F-16F7-4668-BE54-9A1E7A4F7556}") = "P01.Initial-Setup", "P01.Initial-Setup\P01.Initial-Setup.csproj", "{1D6E77B4-B87A-43EC-B0E8-8F3202ABE7EE}"
EndProject
Project("{9A19103F-16F7-4668-BE54-9A1E7A4F7556}") = "P02.Villain_Names", "P02.Villain_Names\P02.Villain_Names.csproj", "{22F91860-AC13-4F81-A1D5-37BD45735D14}"
EndProject
Project("{FAE04EC0-301F-11D3-BF4B-00C04F79EFBC}") = "P03.Minion_Names", "P03.Minion_Names\P03.Minion_Names.csproj", "{4F4B615D-BB7F-4E57-BF06-FFAB4F1E7A3C}"
EndProject
Project("{FAE04EC0-301F-11D3-BF4B-00C04F79EFBC}") = "P04.Add_Minions", "P04.Add_Minions\P04.Add_Minions.csproj", "{3A0B70AC-A936-47C8-8CE3-FB5E8D976768}"
EndProject
Global
	GlobalSection(SolutionConfigurationPlatforms) = preSolution
		Debug|Any CPU = Debug|Any CPU
		Release|Any CPU = Release|Any CPU
	EndGlobalSection
	GlobalSection(ProjectConfigurationPlatforms) = postSolution
		{1D6E77B4-B87A-43EC-B0E8-8F3202ABE7EE}.Debug|Any CPU.ActiveCfg = Debug|Any CPU
		{1D6E77B4-B87A-43EC-B0E8-8F3202ABE7EE}.Debug|Any CPU.Build.0 = Debug|Any CPU
		{1D6E77B4-B87A-43EC-B0E8-8F3202ABE7EE}.Release|Any CPU.ActiveCfg = Release|Any CPU
		{1D6E77B4-B87A-43EC-B0E8-8F3202ABE7EE}.Release|Any CPU.Build.0 = Release|Any CPU
		{22F91860-AC13-4F81-A1D5-37BD45735D14}.Debug|Any CPU.ActiveCfg = Debug|Any CPU
		{22F91860-AC13-4F81-A1D5-37BD45735D14}.Debug|Any CPU.Build.0 = Debug|Any CPU
		{22F91860-AC13-4F81-A1D5-37BD45735D14}.Release|Any CPU.ActiveCfg = Release|Any CPU
		{22F91860-AC13-4F81-A1D5-37BD45735D14}.Release|Any CPU.Build.0 = Release|Any CPU
		{4F4B615D-BB7F-4E57-BF06-FFAB4F1E7A3C}.Debug|Any CPU.ActiveCfg = Debug|Any CPU
		{4F4B615D-BB7F-4E57-BF06-FFAB4F1E7A3C}.Debug|Any CPU.Build.0 = Debug|Any CPU
		{4F4B615D-BB7F-4E57-BF06-FFAB4F1E7A3C}.Release|Any CPU.ActiveCfg = Release|Any CPU
		{4F4B615D-BB7F-4E57-BF06-FFAB4F1E7A3C}.Release|Any CPU.Build.0 = Release|Any CPU
		{3A0B70AC-A936-47C8-8CE3-FB5E8D976768}.Debug|Any CPU.ActiveCfg = Debug|Any CPU
		{3A0B70AC-A936-47C8-8CE3-FB5E8D976768}.Debug|Any CPU.Build.0 = Debug|Any CPU
		{3A0B70AC-A936-47C8-8CE3-FB5E8D976768}.Release|Any CPU.ActiveCfg = Release|Any CPU
		{3A0B70AC-A936-47C8-8CE3-FB5E8D976768}.Release|Any CPU.Build.0 = Release|Any CPU
	EndGlobalSection
	GlobalSection(SolutionProperties) = preSolution
		HideSolutionNode = FALSE
	EndGlobalSection
	GlobalSection(ExtensibilityGlobals) = postSolution
		SolutionGuid = {0FB6F77E-40D8-43BC-9D89-CF249AE9C905}
	EndGlobalSection
EndGlobal
